// !$*UTF8*$!
{
	archiveVersion = 1;
	classes = {
	};
	objectVersion = 56;
	objects = {

/* Begin PBXBuildFile section */
		5F047CA52A160D2600431521 /* UserSingleton.swift in Sources */ = {isa = PBXBuildFile; fileRef = 5F047CA42A160D2600431521 /* UserSingleton.swift */; };
		5F047CA72A16486C00431521 /* BasketTableViewCell.swift in Sources */ = {isa = PBXBuildFile; fileRef = 5F047CA62A16486C00431521 /* BasketTableViewCell.swift */; };
		5F32967E2A13744E007D42EF /* GoogleSignIn in Frameworks */ = {isa = PBXBuildFile; productRef = 5F32967D2A13744E007D42EF /* GoogleSignIn */; };
		5F3296802A13744E007D42EF /* GoogleSignInSwift in Frameworks */ = {isa = PBXBuildFile; productRef = 5F32967F2A13744E007D42EF /* GoogleSignInSwift */; };
		5F3296822A138F5E007D42EF /* ProductModel.swift in Sources */ = {isa = PBXBuildFile; fileRef = 5F3296812A138F5E007D42EF /* ProductModel.swift */; };
		5F3296842A13905B007D42EF /* WebService.swift in Sources */ = {isa = PBXBuildFile; fileRef = 5F3296832A13905B007D42EF /* WebService.swift */; };
		5F3296862A13946D007D42EF /* HomePageViewModel.swift in Sources */ = {isa = PBXBuildFile; fileRef = 5F3296852A13946D007D42EF /* HomePageViewModel.swift */; };
		5F3296D52A14BD4E007D42EF /* ProductCollectionViewCell.swift in Sources */ = {isa = PBXBuildFile; fileRef = 5F3296D42A14BD4E007D42EF /* ProductCollectionViewCell.swift */; };
		5F3296D82A14C7D1007D42EF /* SDWebImage in Frameworks */ = {isa = PBXBuildFile; productRef = 5F3296D72A14C7D1007D42EF /* SDWebImage */; };
		5F32971C2A14EF16007D42EF /* DetailsVC.swift in Sources */ = {isa = PBXBuildFile; fileRef = 5F32971B2A14EF16007D42EF /* DetailsVC.swift */; };
		5F650C782A121E7A0088B1CD /* AppDelegate.swift in Sources */ = {isa = PBXBuildFile; fileRef = 5F650C772A121E7A0088B1CD /* AppDelegate.swift */; };
		5F650C7A2A121E7A0088B1CD /* SceneDelegate.swift in Sources */ = {isa = PBXBuildFile; fileRef = 5F650C792A121E7A0088B1CD /* SceneDelegate.swift */; };
		5F650C7C2A121E7A0088B1CD /* LogInPageVC.swift in Sources */ = {isa = PBXBuildFile; fileRef = 5F650C7B2A121E7A0088B1CD /* LogInPageVC.swift */; };
		5F650C7F2A121E7A0088B1CD /* Main.storyboard in Resources */ = {isa = PBXBuildFile; fileRef = 5F650C7D2A121E7A0088B1CD /* Main.storyboard */; };
		5F650C812A121E7A0088B1CD /* Assets.xcassets in Resources */ = {isa = PBXBuildFile; fileRef = 5F650C802A121E7A0088B1CD /* Assets.xcassets */; };
		5F650C842A121E7A0088B1CD /* LaunchScreen.storyboard in Resources */ = {isa = PBXBuildFile; fileRef = 5F650C822A121E7A0088B1CD /* LaunchScreen.storyboard */; };
		5F650C8F2A121E7A0088B1CD /* ECommerceTests.swift in Sources */ = {isa = PBXBuildFile; fileRef = 5F650C8E2A121E7A0088B1CD /* ECommerceTests.swift */; };
		5F650C992A121E7A0088B1CD /* ECommerceUITests.swift in Sources */ = {isa = PBXBuildFile; fileRef = 5F650C982A121E7A0088B1CD /* ECommerceUITests.swift */; };
		5F650C9B2A121E7A0088B1CD /* ECommerceUITestsLaunchTests.swift in Sources */ = {isa = PBXBuildFile; fileRef = 5F650C9A2A121E7A0088B1CD /* ECommerceUITestsLaunchTests.swift */; };
		5F650CAE2A12361D0088B1CD /* GoogleService-Info.plist in Resources */ = {isa = PBXBuildFile; fileRef = 5F650CAD2A12361D0088B1CD /* GoogleService-Info.plist */; };
		5F650CB12A1237840088B1CD /* FirebaseAnalytics in Frameworks */ = {isa = PBXBuildFile; productRef = 5F650CB02A1237840088B1CD /* FirebaseAnalytics */; };
		5F650CB32A1237840088B1CD /* FirebaseAuth in Frameworks */ = {isa = PBXBuildFile; productRef = 5F650CB22A1237840088B1CD /* FirebaseAuth */; };
		5F650CB52A1237840088B1CD /* FirebaseFirestore in Frameworks */ = {isa = PBXBuildFile; productRef = 5F650CB42A1237840088B1CD /* FirebaseFirestore */; };
		5F650CB72A1237840088B1CD /* FirebaseStorage in Frameworks */ = {isa = PBXBuildFile; productRef = 5F650CB62A1237840088B1CD /* FirebaseStorage */; };
		5F650CBB2A1250350088B1CD /* SignUpVC.swift in Sources */ = {isa = PBXBuildFile; fileRef = 5F650CBA2A1250350088B1CD /* SignUpVC.swift */; };
		5F650CBE2A1257270088B1CD /* SegueIdConstant.swift in Sources */ = {isa = PBXBuildFile; fileRef = 5F650CBD2A1257270088B1CD /* SegueIdConstant.swift */; };
		5F650CC02A1260080088B1CD /* HomePageVC.swift in Sources */ = {isa = PBXBuildFile; fileRef = 5F650CBF2A1260080088B1CD /* HomePageVC.swift */; };
		5F650CC22A12602D0088B1CD /* CategoriesPageVC.swift in Sources */ = {isa = PBXBuildFile; fileRef = 5F650CC12A12602D0088B1CD /* CategoriesPageVC.swift */; };
		5F650CC42A126B740088B1CD /* BasketPageVC.swift in Sources */ = {isa = PBXBuildFile; fileRef = 5F650CC32A126B740088B1CD /* BasketPageVC.swift */; };
		5F650CC62A126B950088B1CD /* ProfilePageVC.swift in Sources */ = {isa = PBXBuildFile; fileRef = 5F650CC52A126B950088B1CD /* ProfilePageVC.swift */; };
		5F650CC82A126EC10088B1CD /* ApplicationConstants.swift in Sources */ = {isa = PBXBuildFile; fileRef = 5F650CC72A126EC10088B1CD /* ApplicationConstants.swift */; };
/* End PBXBuildFile section */

/* Begin PBXContainerItemProxy section */
		5F650C8B2A121E7A0088B1CD /* PBXContainerItemProxy */ = {
			isa = PBXContainerItemProxy;
			containerPortal = 5F650C6C2A121E7A0088B1CD /* Project object */;
			proxyType = 1;
			remoteGlobalIDString = 5F650C732A121E7A0088B1CD;
			remoteInfo = ECommerce;
		};
		5F650C952A121E7A0088B1CD /* PBXContainerItemProxy */ = {
			isa = PBXContainerItemProxy;
			containerPortal = 5F650C6C2A121E7A0088B1CD /* Project object */;
			proxyType = 1;
			remoteGlobalIDString = 5F650C732A121E7A0088B1CD;
			remoteInfo = ECommerce;
		};
/* End PBXContainerItemProxy section */

/* Begin PBXFileReference section */
		5F047CA42A160D2600431521 /* UserSingleton.swift */ = {isa = PBXFileReference; lastKnownFileType = sourcecode.swift; path = UserSingleton.swift; sourceTree = "<group>"; };
		5F047CA62A16486C00431521 /* BasketTableViewCell.swift */ = {isa = PBXFileReference; lastKnownFileType = sourcecode.swift; path = BasketTableViewCell.swift; sourceTree = "<group>"; };
		5F3296812A138F5E007D42EF /* ProductModel.swift */ = {isa = PBXFileReference; lastKnownFileType = sourcecode.swift; path = ProductModel.swift; sourceTree = "<group>"; };
		5F3296832A13905B007D42EF /* WebService.swift */ = {isa = PBXFileReference; lastKnownFileType = sourcecode.swift; path = WebService.swift; sourceTree = "<group>"; };
		5F3296852A13946D007D42EF /* HomePageViewModel.swift */ = {isa = PBXFileReference; lastKnownFileType = sourcecode.swift; path = HomePageViewModel.swift; sourceTree = "<group>"; };
		5F3296D42A14BD4E007D42EF /* ProductCollectionViewCell.swift */ = {isa = PBXFileReference; lastKnownFileType = sourcecode.swift; path = ProductCollectionViewCell.swift; sourceTree = "<group>"; };
		5F32971B2A14EF16007D42EF /* DetailsVC.swift */ = {isa = PBXFileReference; lastKnownFileType = sourcecode.swift; path = DetailsVC.swift; sourceTree = "<group>"; };
		5F650C742A121E7A0088B1CD /* ECommerce.app */ = {isa = PBXFileReference; explicitFileType = wrapper.application; includeInIndex = 0; path = ECommerce.app; sourceTree = BUILT_PRODUCTS_DIR; };
		5F650C772A121E7A0088B1CD /* AppDelegate.swift */ = {isa = PBXFileReference; lastKnownFileType = sourcecode.swift; path = AppDelegate.swift; sourceTree = "<group>"; };
		5F650C792A121E7A0088B1CD /* SceneDelegate.swift */ = {isa = PBXFileReference; lastKnownFileType = sourcecode.swift; path = SceneDelegate.swift; sourceTree = "<group>"; };
		5F650C7B2A121E7A0088B1CD /* LogInPageVC.swift */ = {isa = PBXFileReference; lastKnownFileType = sourcecode.swift; path = LogInPageVC.swift; sourceTree = "<group>"; };
		5F650C7E2A121E7A0088B1CD /* Base */ = {isa = PBXFileReference; lastKnownFileType = file.storyboard; name = Base; path = Base.lproj/Main.storyboard; sourceTree = "<group>"; };
		5F650C802A121E7A0088B1CD /* Assets.xcassets */ = {isa = PBXFileReference; lastKnownFileType = folder.assetcatalog; path = Assets.xcassets; sourceTree = "<group>"; };
		5F650C832A121E7A0088B1CD /* Base */ = {isa = PBXFileReference; lastKnownFileType = file.storyboard; name = Base; path = Base.lproj/LaunchScreen.storyboard; sourceTree = "<group>"; };
		5F650C852A121E7A0088B1CD /* Info.plist */ = {isa = PBXFileReference; lastKnownFileType = text.plist.xml; path = Info.plist; sourceTree = "<group>"; };
		5F650C8A2A121E7A0088B1CD /* ECommerceTests.xctest */ = {isa = PBXFileReference; explicitFileType = wrapper.cfbundle; includeInIndex = 0; path = ECommerceTests.xctest; sourceTree = BUILT_PRODUCTS_DIR; };
		5F650C8E2A121E7A0088B1CD /* ECommerceTests.swift */ = {isa = PBXFileReference; lastKnownFileType = sourcecode.swift; path = ECommerceTests.swift; sourceTree = "<group>"; };
		5F650C942A121E7A0088B1CD /* ECommerceUITests.xctest */ = {isa = PBXFileReference; explicitFileType = wrapper.cfbundle; includeInIndex = 0; path = ECommerceUITests.xctest; sourceTree = BUILT_PRODUCTS_DIR; };
		5F650C982A121E7A0088B1CD /* ECommerceUITests.swift */ = {isa = PBXFileReference; lastKnownFileType = sourcecode.swift; path = ECommerceUITests.swift; sourceTree = "<group>"; };
		5F650C9A2A121E7A0088B1CD /* ECommerceUITestsLaunchTests.swift */ = {isa = PBXFileReference; lastKnownFileType = sourcecode.swift; path = ECommerceUITestsLaunchTests.swift; sourceTree = "<group>"; };
		5F650CAD2A12361D0088B1CD /* GoogleService-Info.plist */ = {isa = PBXFileReference; fileEncoding = 4; lastKnownFileType = text.plist.xml; path = "GoogleService-Info.plist"; sourceTree = "<group>"; };
		5F650CBA2A1250350088B1CD /* SignUpVC.swift */ = {isa = PBXFileReference; lastKnownFileType = sourcecode.swift; path = SignUpVC.swift; sourceTree = "<group>"; };
		5F650CBD2A1257270088B1CD /* SegueIdConstant.swift */ = {isa = PBXFileReference; lastKnownFileType = sourcecode.swift; path = SegueIdConstant.swift; sourceTree = "<group>"; };
		5F650CBF2A1260080088B1CD /* HomePageVC.swift */ = {isa = PBXFileReference; lastKnownFileType = sourcecode.swift; path = HomePageVC.swift; sourceTree = "<group>"; };
		5F650CC12A12602D0088B1CD /* CategoriesPageVC.swift */ = {isa = PBXFileReference; lastKnownFileType = sourcecode.swift; path = CategoriesPageVC.swift; sourceTree = "<group>"; };
		5F650CC32A126B740088B1CD /* BasketPageVC.swift */ = {isa = PBXFileReference; lastKnownFileType = sourcecode.swift; path = BasketPageVC.swift; sourceTree = "<group>"; };
		5F650CC52A126B950088B1CD /* ProfilePageVC.swift */ = {isa = PBXFileReference; lastKnownFileType = sourcecode.swift; path = ProfilePageVC.swift; sourceTree = "<group>"; };
		5F650CC72A126EC10088B1CD /* ApplicationConstants.swift */ = {isa = PBXFileReference; lastKnownFileType = sourcecode.swift; path = ApplicationConstants.swift; sourceTree = "<group>"; };
/* End PBXFileReference section */

/* Begin PBXFrameworksBuildPhase section */
		5F650C712A121E7A0088B1CD /* Frameworks */ = {
			isa = PBXFrameworksBuildPhase;
			buildActionMask = 2147483647;
			files = (
				5F32967E2A13744E007D42EF /* GoogleSignIn in Frameworks */,
				5F650CB12A1237840088B1CD /* FirebaseAnalytics in Frameworks */,
				5F650CB72A1237840088B1CD /* FirebaseStorage in Frameworks */,
				5F3296D82A14C7D1007D42EF /* SDWebImage in Frameworks */,
				5F3296802A13744E007D42EF /* GoogleSignInSwift in Frameworks */,
				5F650CB32A1237840088B1CD /* FirebaseAuth in Frameworks */,
				5F650CB52A1237840088B1CD /* FirebaseFirestore in Frameworks */,
			);
			runOnlyForDeploymentPostprocessing = 0;
		};
		5F650C872A121E7A0088B1CD /* Frameworks */ = {
			isa = PBXFrameworksBuildPhase;
			buildActionMask = 2147483647;
			files = (
			);
			runOnlyForDeploymentPostprocessing = 0;
		};
		5F650C912A121E7A0088B1CD /* Frameworks */ = {
			isa = PBXFrameworksBuildPhase;
			buildActionMask = 2147483647;
			files = (
			);
			runOnlyForDeploymentPostprocessing = 0;
		};
/* End PBXFrameworksBuildPhase section */

/* Begin PBXGroup section */
		5F3296D32A14BD2E007D42EF /* Cell */ = {
			isa = PBXGroup;
			children = (
				5F3296D42A14BD4E007D42EF /* ProductCollectionViewCell.swift */,
				5F047CA62A16486C00431521 /* BasketTableViewCell.swift */,
			);
			path = Cell;
			sourceTree = "<group>";
		};
		5F650C6B2A121E7A0088B1CD = {
			isa = PBXGroup;
			children = (
				5F650C762A121E7A0088B1CD /* ECommerce */,
				5F650C8D2A121E7A0088B1CD /* ECommerceTests */,
				5F650C972A121E7A0088B1CD /* ECommerceUITests */,
				5F650C752A121E7A0088B1CD /* Products */,
			);
			sourceTree = "<group>";
		};
		5F650C752A121E7A0088B1CD /* Products */ = {
			isa = PBXGroup;
			children = (
				5F650C742A121E7A0088B1CD /* ECommerce.app */,
				5F650C8A2A121E7A0088B1CD /* ECommerceTests.xctest */,
				5F650C942A121E7A0088B1CD /* ECommerceUITests.xctest */,
			);
			name = Products;
			sourceTree = "<group>";
		};
		5F650C762A121E7A0088B1CD /* ECommerce */ = {
			isa = PBXGroup;
			children = (
				5F650CBC2A1256940088B1CD /* Constants */,
				5F650CAB2A121FFC0088B1CD /* Service */,
				5F650CAA2A121FF00088B1CD /* Model */,
				5F650CA92A121FE00088B1CD /* ViewModel */,
				5F650CA72A121FCC0088B1CD /* View */,
				5F650C7D2A121E7A0088B1CD /* Main.storyboard */,
				5F650C802A121E7A0088B1CD /* Assets.xcassets */,
				5F650C822A121E7A0088B1CD /* LaunchScreen.storyboard */,
				5F650C852A121E7A0088B1CD /* Info.plist */,
				5F650CAD2A12361D0088B1CD /* GoogleService-Info.plist */,
			);
			path = ECommerce;
			sourceTree = "<group>";
		};
		5F650C8D2A121E7A0088B1CD /* ECommerceTests */ = {
			isa = PBXGroup;
			children = (
				5F650C8E2A121E7A0088B1CD /* ECommerceTests.swift */,
			);
			path = ECommerceTests;
			sourceTree = "<group>";
		};
		5F650C972A121E7A0088B1CD /* ECommerceUITests */ = {
			isa = PBXGroup;
			children = (
				5F650C982A121E7A0088B1CD /* ECommerceUITests.swift */,
				5F650C9A2A121E7A0088B1CD /* ECommerceUITestsLaunchTests.swift */,
			);
			path = ECommerceUITests;
			sourceTree = "<group>";
		};
		5F650CA72A121FCC0088B1CD /* View */ = {
			isa = PBXGroup;
			children = (
				5F3296D32A14BD2E007D42EF /* Cell */,
				5F650C7B2A121E7A0088B1CD /* LogInPageVC.swift */,
				5F650CBA2A1250350088B1CD /* SignUpVC.swift */,
				5F650CBF2A1260080088B1CD /* HomePageVC.swift */,
				5F650CC12A12602D0088B1CD /* CategoriesPageVC.swift */,
				5F650CC32A126B740088B1CD /* BasketPageVC.swift */,
				5F650CC52A126B950088B1CD /* ProfilePageVC.swift */,
				5F650CAC2A12204F0088B1CD /* Delegate */,
				5F32971B2A14EF16007D42EF /* DetailsVC.swift */,
			);
			path = View;
			sourceTree = "<group>";
		};
		5F650CA92A121FE00088B1CD /* ViewModel */ = {
			isa = PBXGroup;
			children = (
				5F3296852A13946D007D42EF /* HomePageViewModel.swift */,
			);
			path = ViewModel;
			sourceTree = "<group>";
		};
		5F650CAA2A121FF00088B1CD /* Model */ = {
			isa = PBXGroup;
			children = (
				5F3296812A138F5E007D42EF /* ProductModel.swift */,
				5F047CA42A160D2600431521 /* UserSingleton.swift */,
			);
			path = Model;
			sourceTree = "<group>";
		};
		5F650CAB2A121FFC0088B1CD /* Service */ = {
			isa = PBXGroup;
			children = (
				5F3296832A13905B007D42EF /* WebService.swift */,
			);
			path = Service;
			sourceTree = "<group>";
		};
		5F650CAC2A12204F0088B1CD /* Delegate */ = {
			isa = PBXGroup;
			children = (
				5F650C772A121E7A0088B1CD /* AppDelegate.swift */,
				5F650C792A121E7A0088B1CD /* SceneDelegate.swift */,
			);
			path = Delegate;
			sourceTree = "<group>";
		};
		5F650CBC2A1256940088B1CD /* Constants */ = {
			isa = PBXGroup;
			children = (
				5F650CBD2A1257270088B1CD /* SegueIdConstant.swift */,
				5F650CC72A126EC10088B1CD /* ApplicationConstants.swift */,
			);
			path = Constants;
			sourceTree = "<group>";
		};
/* End PBXGroup section */

/* Begin PBXNativeTarget section */
		5F650C732A121E7A0088B1CD /* ECommerce */ = {
			isa = PBXNativeTarget;
			buildConfigurationList = 5F650C9E2A121E7A0088B1CD /* Build configuration list for PBXNativeTarget "ECommerce" */;
			buildPhases = (
				5F650C702A121E7A0088B1CD /* Sources */,
				5F650C712A121E7A0088B1CD /* Frameworks */,
				5F650C722A121E7A0088B1CD /* Resources */,
			);
			buildRules = (
			);
			dependencies = (
			);
			name = ECommerce;
			packageProductDependencies = (
				5F650CB02A1237840088B1CD /* FirebaseAnalytics */,
				5F650CB22A1237840088B1CD /* FirebaseAuth */,
				5F650CB42A1237840088B1CD /* FirebaseFirestore */,
				5F650CB62A1237840088B1CD /* FirebaseStorage */,
				5F32967D2A13744E007D42EF /* GoogleSignIn */,
				5F32967F2A13744E007D42EF /* GoogleSignInSwift */,
				5F3296D72A14C7D1007D42EF /* SDWebImage */,
			);
			productName = ECommerce;
			productReference = 5F650C742A121E7A0088B1CD /* ECommerce.app */;
			productType = "com.apple.product-type.application";
		};
		5F650C892A121E7A0088B1CD /* ECommerceTests */ = {
			isa = PBXNativeTarget;
			buildConfigurationList = 5F650CA12A121E7A0088B1CD /* Build configuration list for PBXNativeTarget "ECommerceTests" */;
			buildPhases = (
				5F650C862A121E7A0088B1CD /* Sources */,
				5F650C872A121E7A0088B1CD /* Frameworks */,
				5F650C882A121E7A0088B1CD /* Resources */,
			);
			buildRules = (
			);
			dependencies = (
				5F650C8C2A121E7A0088B1CD /* PBXTargetDependency */,
			);
			name = ECommerceTests;
			productName = ECommerceTests;
			productReference = 5F650C8A2A121E7A0088B1CD /* ECommerceTests.xctest */;
			productType = "com.apple.product-type.bundle.unit-test";
		};
		5F650C932A121E7A0088B1CD /* ECommerceUITests */ = {
			isa = PBXNativeTarget;
			buildConfigurationList = 5F650CA42A121E7A0088B1CD /* Build configuration list for PBXNativeTarget "ECommerceUITests" */;
			buildPhases = (
				5F650C902A121E7A0088B1CD /* Sources */,
				5F650C912A121E7A0088B1CD /* Frameworks */,
				5F650C922A121E7A0088B1CD /* Resources */,
			);
			buildRules = (
			);
			dependencies = (
				5F650C962A121E7A0088B1CD /* PBXTargetDependency */,
			);
			name = ECommerceUITests;
			productName = ECommerceUITests;
			productReference = 5F650C942A121E7A0088B1CD /* ECommerceUITests.xctest */;
			productType = "com.apple.product-type.bundle.ui-testing";
		};
/* End PBXNativeTarget section */

/* Begin PBXProject section */
		5F650C6C2A121E7A0088B1CD /* Project object */ = {
			isa = PBXProject;
			attributes = {
				BuildIndependentTargetsInParallel = 1;
				LastSwiftUpdateCheck = 1430;
				LastUpgradeCheck = 1430;
				TargetAttributes = {
					5F650C732A121E7A0088B1CD = {
						CreatedOnToolsVersion = 14.3;
					};
					5F650C892A121E7A0088B1CD = {
						CreatedOnToolsVersion = 14.3;
						TestTargetID = 5F650C732A121E7A0088B1CD;
					};
					5F650C932A121E7A0088B1CD = {
						CreatedOnToolsVersion = 14.3;
						TestTargetID = 5F650C732A121E7A0088B1CD;
					};
				};
			};
			buildConfigurationList = 5F650C6F2A121E7A0088B1CD /* Build configuration list for PBXProject "ECommerce" */;
			compatibilityVersion = "Xcode 14.0";
			developmentRegion = en;
			hasScannedForEncodings = 0;
			knownRegions = (
				en,
				Base,
			);
			mainGroup = 5F650C6B2A121E7A0088B1CD;
			packageReferences = (
				5F650CAF2A1237840088B1CD /* XCRemoteSwiftPackageReference "firebase-ios-sdk" */,
				5F32967C2A13744E007D42EF /* XCRemoteSwiftPackageReference "GoogleSignIn-iOS" */,
				5F3296D62A14C7D1007D42EF /* XCRemoteSwiftPackageReference "SDWebImage" */,
			);
			productRefGroup = 5F650C752A121E7A0088B1CD /* Products */;
			projectDirPath = "";
			projectRoot = "";
			targets = (
				5F650C732A121E7A0088B1CD /* ECommerce */,
				5F650C892A121E7A0088B1CD /* ECommerceTests */,
				5F650C932A121E7A0088B1CD /* ECommerceUITests */,
			);
		};
/* End PBXProject section */

/* Begin PBXResourcesBuildPhase section */
		5F650C722A121E7A0088B1CD /* Resources */ = {
			isa = PBXResourcesBuildPhase;
			buildActionMask = 2147483647;
			files = (
				5F650C842A121E7A0088B1CD /* LaunchScreen.storyboard in Resources */,
				5F650CAE2A12361D0088B1CD /* GoogleService-Info.plist in Resources */,
				5F650C812A121E7A0088B1CD /* Assets.xcassets in Resources */,
				5F650C7F2A121E7A0088B1CD /* Main.storyboard in Resources */,
			);
			runOnlyForDeploymentPostprocessing = 0;
		};
		5F650C882A121E7A0088B1CD /* Resources */ = {
			isa = PBXResourcesBuildPhase;
			buildActionMask = 2147483647;
			files = (
			);
			runOnlyForDeploymentPostprocessing = 0;
		};
		5F650C922A121E7A0088B1CD /* Resources */ = {
			isa = PBXResourcesBuildPhase;
			buildActionMask = 2147483647;
			files = (
			);
			runOnlyForDeploymentPostprocessing = 0;
		};
/* End PBXResourcesBuildPhase section */

/* Begin PBXSourcesBuildPhase section */
		5F650C702A121E7A0088B1CD /* Sources */ = {
			isa = PBXSourcesBuildPhase;
			buildActionMask = 2147483647;
			files = (
				5F650CC82A126EC10088B1CD /* ApplicationConstants.swift in Sources */,
				5F047CA72A16486C00431521 /* BasketTableViewCell.swift in Sources */,
				5F650CBB2A1250350088B1CD /* SignUpVC.swift in Sources */,
				5F3296D52A14BD4E007D42EF /* ProductCollectionViewCell.swift in Sources */,
				5F047CA52A160D2600431521 /* UserSingleton.swift in Sources */,
				5F650C7C2A121E7A0088B1CD /* LogInPageVC.swift in Sources */,
				5F650CC02A1260080088B1CD /* HomePageVC.swift in Sources */,
				5F3296862A13946D007D42EF /* HomePageViewModel.swift in Sources */,
				5F650CC62A126B950088B1CD /* ProfilePageVC.swift in Sources */,
				5F650CC22A12602D0088B1CD /* CategoriesPageVC.swift in Sources */,
				5F3296842A13905B007D42EF /* WebService.swift in Sources */,
				5F32971C2A14EF16007D42EF /* DetailsVC.swift in Sources */,
				5F650CBE2A1257270088B1CD /* SegueIdConstant.swift in Sources */,
				5F3296822A138F5E007D42EF /* ProductModel.swift in Sources */,
				5F650CC42A126B740088B1CD /* BasketPageVC.swift in Sources */,
				5F650C782A121E7A0088B1CD /* AppDelegate.swift in Sources */,
				5F650C7A2A121E7A0088B1CD /* SceneDelegate.swift in Sources */,
			);
			runOnlyForDeploymentPostprocessing = 0;
		};
		5F650C862A121E7A0088B1CD /* Sources */ = {
			isa = PBXSourcesBuildPhase;
			buildActionMask = 2147483647;
			files = (
				5F650C8F2A121E7A0088B1CD /* ECommerceTests.swift in Sources */,
			);
			runOnlyForDeploymentPostprocessing = 0;
		};
		5F650C902A121E7A0088B1CD /* Sources */ = {
			isa = PBXSourcesBuildPhase;
			buildActionMask = 2147483647;
			files = (
				5F650C992A121E7A0088B1CD /* ECommerceUITests.swift in Sources */,
				5F650C9B2A121E7A0088B1CD /* ECommerceUITestsLaunchTests.swift in Sources */,
			);
			runOnlyForDeploymentPostprocessing = 0;
		};
/* End PBXSourcesBuildPhase section */

/* Begin PBXTargetDependency section */
		5F650C8C2A121E7A0088B1CD /* PBXTargetDependency */ = {
			isa = PBXTargetDependency;
			target = 5F650C732A121E7A0088B1CD /* ECommerce */;
			targetProxy = 5F650C8B2A121E7A0088B1CD /* PBXContainerItemProxy */;
		};
		5F650C962A121E7A0088B1CD /* PBXTargetDependency */ = {
			isa = PBXTargetDependency;
			target = 5F650C732A121E7A0088B1CD /* ECommerce */;
			targetProxy = 5F650C952A121E7A0088B1CD /* PBXContainerItemProxy */;
		};
/* End PBXTargetDependency section */

/* Begin PBXVariantGroup section */
		5F650C7D2A121E7A0088B1CD /* Main.storyboard */ = {
			isa = PBXVariantGroup;
			children = (
				5F650C7E2A121E7A0088B1CD /* Base */,
			);
			name = Main.storyboard;
			sourceTree = "<group>";
		};
		5F650C822A121E7A0088B1CD /* LaunchScreen.storyboard */ = {
			isa = PBXVariantGroup;
			children = (
				5F650C832A121E7A0088B1CD /* Base */,
			);
			name = LaunchScreen.storyboard;
			sourceTree = "<group>";
		};
/* End PBXVariantGroup section */

/* Begin XCBuildConfiguration section */
		5F650C9C2A121E7A0088B1CD /* Debug */ = {
			isa = XCBuildConfiguration;
			buildSettings = {
				ALWAYS_SEARCH_USER_PATHS = NO;
				CLANG_ANALYZER_NONNULL = YES;
				CLANG_ANALYZER_NUMBER_OBJECT_CONVERSION = YES_AGGRESSIVE;
				CLANG_CXX_LANGUAGE_STANDARD = "gnu++20";
				CLANG_ENABLE_MODULES = YES;
				CLANG_ENABLE_OBJC_ARC = YES;
				CLANG_ENABLE_OBJC_WEAK = YES;
				CLANG_WARN_BLOCK_CAPTURE_AUTORELEASING = YES;
				CLANG_WARN_BOOL_CONVERSION = YES;
				CLANG_WARN_COMMA = YES;
				CLANG_WARN_CONSTANT_CONVERSION = YES;
				CLANG_WARN_DEPRECATED_OBJC_IMPLEMENTATIONS = YES;
				CLANG_WARN_DIRECT_OBJC_ISA_USAGE = YES_ERROR;
				CLANG_WARN_DOCUMENTATION_COMMENTS = YES;
				CLANG_WARN_EMPTY_BODY = YES;
				CLANG_WARN_ENUM_CONVERSION = YES;
				CLANG_WARN_INFINITE_RECURSION = YES;
				CLANG_WARN_INT_CONVERSION = YES;
				CLANG_WARN_NON_LITERAL_NULL_CONVERSION = YES;
				CLANG_WARN_OBJC_IMPLICIT_RETAIN_SELF = YES;
				CLANG_WARN_OBJC_LITERAL_CONVERSION = YES;
				CLANG_WARN_OBJC_ROOT_CLASS = YES_ERROR;
				CLANG_WARN_QUOTED_INCLUDE_IN_FRAMEWORK_HEADER = YES;
				CLANG_WARN_RANGE_LOOP_ANALYSIS = YES;
				CLANG_WARN_STRICT_PROTOTYPES = YES;
				CLANG_WARN_SUSPICIOUS_MOVE = YES;
				CLANG_WARN_UNGUARDED_AVAILABILITY = YES_AGGRESSIVE;
				CLANG_WARN_UNREACHABLE_CODE = YES;
				CLANG_WARN__DUPLICATE_METHOD_MATCH = YES;
				COPY_PHASE_STRIP = NO;
				DEBUG_INFORMATION_FORMAT = dwarf;
				ENABLE_STRICT_OBJC_MSGSEND = YES;
				ENABLE_TESTABILITY = YES;
				GCC_C_LANGUAGE_STANDARD = gnu11;
				GCC_DYNAMIC_NO_PIC = NO;
				GCC_NO_COMMON_BLOCKS = YES;
				GCC_OPTIMIZATION_LEVEL = 0;
				GCC_PREPROCESSOR_DEFINITIONS = (
					"DEBUG=1",
					"$(inherited)",
				);
				GCC_WARN_64_TO_32_BIT_CONVERSION = YES;
				GCC_WARN_ABOUT_RETURN_TYPE = YES_ERROR;
				GCC_WARN_UNDECLARED_SELECTOR = YES;
				GCC_WARN_UNINITIALIZED_AUTOS = YES_AGGRESSIVE;
				GCC_WARN_UNUSED_FUNCTION = YES;
				GCC_WARN_UNUSED_VARIABLE = YES;
				IPHONEOS_DEPLOYMENT_TARGET = 16.4;
				MTL_ENABLE_DEBUG_INFO = INCLUDE_SOURCE;
				MTL_FAST_MATH = YES;
				ONLY_ACTIVE_ARCH = YES;
				SDKROOT = iphoneos;
				SWIFT_ACTIVE_COMPILATION_CONDITIONS = DEBUG;
				SWIFT_OPTIMIZATION_LEVEL = "-Onone";
			};
			name = Debug;
		};
		5F650C9D2A121E7A0088B1CD /* Release */ = {
			isa = XCBuildConfiguration;
			buildSettings = {
				ALWAYS_SEARCH_USER_PATHS = NO;
				CLANG_ANALYZER_NONNULL = YES;
				CLANG_ANALYZER_NUMBER_OBJECT_CONVERSION = YES_AGGRESSIVE;
				CLANG_CXX_LANGUAGE_STANDARD = "gnu++20";
				CLANG_ENABLE_MODULES = YES;
				CLANG_ENABLE_OBJC_ARC = YES;
				CLANG_ENABLE_OBJC_WEAK = YES;
				CLANG_WARN_BLOCK_CAPTURE_AUTORELEASING = YES;
				CLANG_WARN_BOOL_CONVERSION = YES;
				CLANG_WARN_COMMA = YES;
				CLANG_WARN_CONSTANT_CONVERSION = YES;
				CLANG_WARN_DEPRECATED_OBJC_IMPLEMENTATIONS = YES;
				CLANG_WARN_DIRECT_OBJC_ISA_USAGE = YES_ERROR;
				CLANG_WARN_DOCUMENTATION_COMMENTS = YES;
				CLANG_WARN_EMPTY_BODY = YES;
				CLANG_WARN_ENUM_CONVERSION = YES;
				CLANG_WARN_INFINITE_RECURSION = YES;
				CLANG_WARN_INT_CONVERSION = YES;
				CLANG_WARN_NON_LITERAL_NULL_CONVERSION = YES;
				CLANG_WARN_OBJC_IMPLICIT_RETAIN_SELF = YES;
				CLANG_WARN_OBJC_LITERAL_CONVERSION = YES;
				CLANG_WARN_OBJC_ROOT_CLASS = YES_ERROR;
				CLANG_WARN_QUOTED_INCLUDE_IN_FRAMEWORK_HEADER = YES;
				CLANG_WARN_RANGE_LOOP_ANALYSIS = YES;
				CLANG_WARN_STRICT_PROTOTYPES = YES;
				CLANG_WARN_SUSPICIOUS_MOVE = YES;
				CLANG_WARN_UNGUARDED_AVAILABILITY = YES_AGGRESSIVE;
				CLANG_WARN_UNREACHABLE_CODE = YES;
				CLANG_WARN__DUPLICATE_METHOD_MATCH = YES;
				COPY_PHASE_STRIP = NO;
				DEBUG_INFORMATION_FORMAT = "dwarf-with-dsym";
				ENABLE_NS_ASSERTIONS = NO;
				ENABLE_STRICT_OBJC_MSGSEND = YES;
				GCC_C_LANGUAGE_STANDARD = gnu11;
				GCC_NO_COMMON_BLOCKS = YES;
				GCC_WARN_64_TO_32_BIT_CONVERSION = YES;
				GCC_WARN_ABOUT_RETURN_TYPE = YES_ERROR;
				GCC_WARN_UNDECLARED_SELECTOR = YES;
				GCC_WARN_UNINITIALIZED_AUTOS = YES_AGGRESSIVE;
				GCC_WARN_UNUSED_FUNCTION = YES;
				GCC_WARN_UNUSED_VARIABLE = YES;
				IPHONEOS_DEPLOYMENT_TARGET = 16.4;
				MTL_ENABLE_DEBUG_INFO = NO;
				MTL_FAST_MATH = YES;
				SDKROOT = iphoneos;
				SWIFT_COMPILATION_MODE = wholemodule;
				SWIFT_OPTIMIZATION_LEVEL = "-O";
				VALIDATE_PRODUCT = YES;
			};
			name = Release;
		};
		5F650C9F2A121E7A0088B1CD /* Debug */ = {
			isa = XCBuildConfiguration;
			buildSettings = {
				ASSETCATALOG_COMPILER_APPICON_NAME = AppIcon;
				ASSETCATALOG_COMPILER_GLOBAL_ACCENT_COLOR_NAME = AccentColor;
				CODE_SIGN_STYLE = Automatic;
				CURRENT_PROJECT_VERSION = 1;
				DEVELOPMENT_TEAM = UKXQYP47Y9;
				GENERATE_INFOPLIST_FILE = YES;
				INFOPLIST_FILE = ECommerce/Info.plist;
				INFOPLIST_KEY_UIApplicationSupportsIndirectInputEvents = YES;
				INFOPLIST_KEY_UILaunchStoryboardName = LaunchScreen;
				INFOPLIST_KEY_UIMainStoryboardFile = Main;
				INFOPLIST_KEY_UISupportedInterfaceOrientations_iPad = "UIInterfaceOrientationPortrait UIInterfaceOrientationPortraitUpsideDown UIInterfaceOrientationLandscapeLeft UIInterfaceOrientationLandscapeRight";
				INFOPLIST_KEY_UISupportedInterfaceOrientations_iPhone = "UIInterfaceOrientationPortrait UIInterfaceOrientationLandscapeLeft UIInterfaceOrientationLandscapeRight";
				LD_RUNPATH_SEARCH_PATHS = (
					"$(inherited)",
					"@executable_path/Frameworks",
				);
				MARKETING_VERSION = 1.0;
				PRODUCT_BUNDLE_IDENTIFIER = com.tahaturan.testone.ECommerce;
				PRODUCT_NAME = "$(TARGET_NAME)";
				SWIFT_EMIT_LOC_STRINGS = YES;
				SWIFT_VERSION = 5.0;
				TARGETED_DEVICE_FAMILY = "1,2";
			};
			name = Debug;
		};
		5F650CA02A121E7A0088B1CD /* Release */ = {
			isa = XCBuildConfiguration;
			buildSettings = {
				ASSETCATALOG_COMPILER_APPICON_NAME = AppIcon;
				ASSETCATALOG_COMPILER_GLOBAL_ACCENT_COLOR_NAME = AccentColor;
				CODE_SIGN_STYLE = Automatic;
				CURRENT_PROJECT_VERSION = 1;
				DEVELOPMENT_TEAM = UKXQYP47Y9;
				GENERATE_INFOPLIST_FILE = YES;
				INFOPLIST_FILE = ECommerce/Info.plist;
				INFOPLIST_KEY_UIApplicationSupportsIndirectInputEvents = YES;
				INFOPLIST_KEY_UILaunchStoryboardName = LaunchScreen;
				INFOPLIST_KEY_UIMainStoryboardFile = Main;
				INFOPLIST_KEY_UISupportedInterfaceOrientations_iPad = "UIInterfaceOrientationPortrait UIInterfaceOrientationPortraitUpsideDown UIInterfaceOrientationLandscapeLeft UIInterfaceOrientationLandscapeRight";
				INFOPLIST_KEY_UISupportedInterfaceOrientations_iPhone = "UIInterfaceOrientationPortrait UIInterfaceOrientationLandscapeLeft UIInterfaceOrientationLandscapeRight";
				LD_RUNPATH_SEARCH_PATHS = (
					"$(inherited)",
					"@executable_path/Frameworks",
				);
				MARKETING_VERSION = 1.0;
				PRODUCT_BUNDLE_IDENTIFIER = com.tahaturan.testone.ECommerce;
				PRODUCT_NAME = "$(TARGET_NAME)";
				SWIFT_EMIT_LOC_STRINGS = YES;
				SWIFT_VERSION = 5.0;
				TARGETED_DEVICE_FAMILY = "1,2";
			};
			name = Release;
		};
		5F650CA22A121E7A0088B1CD /* Debug */ = {
			isa = XCBuildConfiguration;
			buildSettings = {
				ALWAYS_EMBED_SWIFT_STANDARD_LIBRARIES = YES;
				BUNDLE_LOADER = "$(TEST_HOST)";
				CODE_SIGN_STYLE = Automatic;
				CURRENT_PROJECT_VERSION = 1;
				DEVELOPMENT_TEAM = UKXQYP47Y9;
				GENERATE_INFOPLIST_FILE = YES;
				IPHONEOS_DEPLOYMENT_TARGET = 16.4;
				MARKETING_VERSION = 1.0;
				PRODUCT_BUNDLE_IDENTIFIER = com.tahaturan.testone.ECommerceTests;
				PRODUCT_NAME = "$(TARGET_NAME)";
				SWIFT_EMIT_LOC_STRINGS = NO;
				SWIFT_VERSION = 5.0;
				TARGETED_DEVICE_FAMILY = "1,2";
				TEST_HOST = "$(BUILT_PRODUCTS_DIR)/ECommerce.app/$(BUNDLE_EXECUTABLE_FOLDER_PATH)/ECommerce";
			};
			name = Debug;
		};
		5F650CA32A121E7A0088B1CD /* Release */ = {
			isa = XCBuildConfiguration;
			buildSettings = {
				ALWAYS_EMBED_SWIFT_STANDARD_LIBRARIES = YES;
				BUNDLE_LOADER = "$(TEST_HOST)";
				CODE_SIGN_STYLE = Automatic;
				CURRENT_PROJECT_VERSION = 1;
				DEVELOPMENT_TEAM = UKXQYP47Y9;
				GENERATE_INFOPLIST_FILE = YES;
				IPHONEOS_DEPLOYMENT_TARGET = 16.4;
				MARKETING_VERSION = 1.0;
				PRODUCT_BUNDLE_IDENTIFIER = com.tahaturan.testone.ECommerceTests;
				PRODUCT_NAME = "$(TARGET_NAME)";
				SWIFT_EMIT_LOC_STRINGS = NO;
				SWIFT_VERSION = 5.0;
				TARGETED_DEVICE_FAMILY = "1,2";
				TEST_HOST = "$(BUILT_PRODUCTS_DIR)/ECommerce.app/$(BUNDLE_EXECUTABLE_FOLDER_PATH)/ECommerce";
			};
			name = Release;
		};
		5F650CA52A121E7A0088B1CD /* Debug */ = {
			isa = XCBuildConfiguration;
			buildSettings = {
				ALWAYS_EMBED_SWIFT_STANDARD_LIBRARIES = YES;
				CODE_SIGN_STYLE = Automatic;
				CURRENT_PROJECT_VERSION = 1;
				DEVELOPMENT_TEAM = UKXQYP47Y9;
				GENERATE_INFOPLIST_FILE = YES;
				MARKETING_VERSION = 1.0;
				PRODUCT_BUNDLE_IDENTIFIER = com.tahaturan.testone.ECommerceUITests;
				PRODUCT_NAME = "$(TARGET_NAME)";
				SWIFT_EMIT_LOC_STRINGS = NO;
				SWIFT_VERSION = 5.0;
				TARGETED_DEVICE_FAMILY = "1,2";
				TEST_TARGET_NAME = ECommerce;
			};
			name = Debug;
		};
		5F650CA62A121E7A0088B1CD /* Release */ = {
			isa = XCBuildConfiguration;
			buildSettings = {
				ALWAYS_EMBED_SWIFT_STANDARD_LIBRARIES = YES;
				CODE_SIGN_STYLE = Automatic;
				CURRENT_PROJECT_VERSION = 1;
				DEVELOPMENT_TEAM = UKXQYP47Y9;
				GENERATE_INFOPLIST_FILE = YES;
				MARKETING_VERSION = 1.0;
				PRODUCT_BUNDLE_IDENTIFIER = com.tahaturan.testone.ECommerceUITests;
				PRODUCT_NAME = "$(TARGET_NAME)";
				SWIFT_EMIT_LOC_STRINGS = NO;
				SWIFT_VERSION = 5.0;
				TARGETED_DEVICE_FAMILY = "1,2";
				TEST_TARGET_NAME = ECommerce;
			};
			name = Release;
		};
/* End XCBuildConfiguration section */

/* Begin XCConfigurationList section */
		5F650C6F2A121E7A0088B1CD /* Build configuration list for PBXProject "ECommerce" */ = {
			isa = XCConfigurationList;
			buildConfigurations = (
				5F650C9C2A121E7A0088B1CD /* Debug */,
				5F650C9D2A121E7A0088B1CD /* Release */,
			);
			defaultConfigurationIsVisible = 0;
			defaultConfigurationName = Release;
		};
		5F650C9E2A121E7A0088B1CD /* Build configuration list for PBXNativeTarget "ECommerce" */ = {
			isa = XCConfigurationList;
			buildConfigurations = (
				5F650C9F2A121E7A0088B1CD /* Debug */,
				5F650CA02A121E7A0088B1CD /* Release */,
			);
			defaultConfigurationIsVisible = 0;
			defaultConfigurationName = Release;
		};
		5F650CA12A121E7A0088B1CD /* Build configuration list for PBXNativeTarget "ECommerceTests" */ = {
			isa = XCConfigurationList;
			buildConfigurations = (
				5F650CA22A121E7A0088B1CD /* Debug */,
				5F650CA32A121E7A0088B1CD /* Release */,
			);
			defaultConfigurationIsVisible = 0;
			defaultConfigurationName = Release;
		};
		5F650CA42A121E7A0088B1CD /* Build configuration list for PBXNativeTarget "ECommerceUITests" */ = {
			isa = XCConfigurationList;
			buildConfigurations = (
				5F650CA52A121E7A0088B1CD /* Debug */,
				5F650CA62A121E7A0088B1CD /* Release */,
			);
			defaultConfigurationIsVisible = 0;
			defaultConfigurationName = Release;
		};
/* End XCConfigurationList section */

/* Begin XCRemoteSwiftPackageReference section */
		5F32967C2A13744E007D42EF /* XCRemoteSwiftPackageReference "GoogleSignIn-iOS" */ = {
			isa = XCRemoteSwiftPackageReference;
			repositoryURL = "https://github.com/google/GoogleSignIn-iOS";
			requirement = {
				kind = upToNextMajorVersion;
				minimumVersion = 7.0.0;
			};
		};
		5F3296D62A14C7D1007D42EF /* XCRemoteSwiftPackageReference "SDWebImage" */ = {
			isa = XCRemoteSwiftPackageReference;
			repositoryURL = "https://github.com/SDWebImage/SDWebImage";
			requirement = {
				kind = upToNextMajorVersion;
				minimumVersion = 5.0.0;
			};
		};
		5F650CAF2A1237840088B1CD /* XCRemoteSwiftPackageReference "firebase-ios-sdk" */ = {
			isa = XCRemoteSwiftPackageReference;
			repositoryURL = "https://github.com/firebase/firebase-ios-sdk";
			requirement = {
				kind = upToNextMajorVersion;
				minimumVersion = 10.0.0;
			};
		};
/* End XCRemoteSwiftPackageReference section */

/* Begin XCSwiftPackageProductDependency section */
		5F32967D2A13744E007D42EF /* GoogleSignIn */ = {
			isa = XCSwiftPackageProductDependency;
			package = 5F32967C2A13744E007D42EF /* XCRemoteSwiftPackageReference "GoogleSignIn-iOS" */;
			productName = GoogleSignIn;
		};
		5F32967F2A13744E007D42EF /* GoogleSignInSwift */ = {
			isa = XCSwiftPackageProductDependency;
			package = 5F32967C2A13744E007D42EF /* XCRemoteSwiftPackageReference "GoogleSignIn-iOS" */;
			productName = GoogleSignInSwift;
		};
		5F3296D72A14C7D1007D42EF /* SDWebImage */ = {
			isa = XCSwiftPackageProductDependency;
			package = 5F3296D62A14C7D1007D42EF /* XCRemoteSwiftPackageReference "SDWebImage" */;
			productName = SDWebImage;
		};
		5F650CB02A1237840088B1CD /* FirebaseAnalytics */ = {
			isa = XCSwiftPackageProductDependency;
			package = 5F650CAF2A1237840088B1CD /* XCRemoteSwiftPackageReference "firebase-ios-sdk" */;
			productName = FirebaseAnalytics;
		};
		5F650CB22A1237840088B1CD /* FirebaseAuth */ = {
			isa = XCSwiftPackageProductDependency;
			package = 5F650CAF2A1237840088B1CD /* XCRemoteSwiftPackageReference "firebase-ios-sdk" */;
			productName = FirebaseAuth;
		};
		5F650CB42A1237840088B1CD /* FirebaseFirestore */ = {
			isa = XCSwiftPackageProductDependency;
			package = 5F650CAF2A1237840088B1CD /* XCRemoteSwiftPackageReference "firebase-ios-sdk" */;
			productName = FirebaseFirestore;
		};
		5F650CB62A1237840088B1CD /* FirebaseStorage */ = {
			isa = XCSwiftPackageProductDependency;
			package = 5F650CAF2A1237840088B1CD /* XCRemoteSwiftPackageReference "firebase-ios-sdk" */;
			productName = FirebaseStorage;
		};
/* End XCSwiftPackageProductDependency section */
	};
	rootObject = 5F650C6C2A121E7A0088B1CD /* Project object */;
}
